
Microsoft Visual Studio Solution File, Format Version 12.00
Project("{FAE04EC0-301F-11D3-BF4B-00C04F79EFBC}") = "CWMTesting", "CWMTesting\CWMTesting.csproj", "{1A401DB3-E2F5-4100-A1CC-3953A826F03C}"
EndProject
Project("{FAE04EC0-301F-11D3-BF4B-00C04F79EFBC}") = "WebApplication1", "WebApplication1\WebApplication1.csproj", "{0B31F697-DA96-4DDB-9533-5313E29592CD}"
EndProject
Project("{FAE04EC0-301F-11D3-BF4B-00C04F79EFBC}") = "TestProject1", "TestProject1\TestProject1.csproj", "{D0F29DD4-7BAA-428C-9D87-2904BAF56716}"
EndProject
Project("{FAE04EC0-301F-11D3-BF4B-00C04F79EFBC}") = "MultiTarget", "MultiTarget\MultiTarget.csproj", "{52AA747D-3E30-46EF-BAC7-29A2AC77B717}"
EndProject
Global
	GlobalSection(SolutionConfigurationPlatforms) = preSolution
		Debug|Any CPU = Debug|Any CPU
		Release|Any CPU = Release|Any CPU
	EndGlobalSection
	GlobalSection(ProjectConfigurationPlatforms) = postSolution
		{1A401DB3-E2F5-4100-A1CC-3953A826F03C}.Debug|Any CPU.ActiveCfg = Debug|Any CPU
		{1A401DB3-E2F5-4100-A1CC-3953A826F03C}.Debug|Any CPU.Build.0 = Debug|Any CPU
		{1A401DB3-E2F5-4100-A1CC-3953A826F03C}.Release|Any CPU.ActiveCfg = Release|Any CPU
		{1A401DB3-E2F5-4100-A1CC-3953A826F03C}.Release|Any CPU.Build.0 = Release|Any CPU
		{0B31F697-DA96-4DDB-9533-5313E29592CD}.Debug|Any CPU.ActiveCfg = Debug|Any CPU
		{0B31F697-DA96-4DDB-9533-5313E29592CD}.Debug|Any CPU.Build.0 = Debug|Any CPU
		{0B31F697-DA96-4DDB-9533-5313E29592CD}.Release|Any CPU.ActiveCfg = Release|Any CPU
		{0B31F697-DA96-4DDB-9533-5313E29592CD}.Release|Any CPU.Build.0 = Release|Any CPU
		{D0F29DD4-7BAA-428C-9D87-2904BAF56716}.Debug|Any CPU.ActiveCfg = Debug|Any CPU
		{D0F29DD4-7BAA-428C-9D87-2904BAF56716}.Debug|Any CPU.Build.0 = Debug|Any CPU
		{D0F29DD4-7BAA-428C-9D87-2904BAF56716}.Release|Any CPU.ActiveCfg = Release|Any CPU
		{D0F29DD4-7BAA-428C-9D87-2904BAF56716}.Release|Any CPU.Build.0 = Release|Any CPU
		{52AA747D-3E30-46EF-BAC7-29A2AC77B717}.Debug|Any CPU.ActiveCfg = Debug|Any CPU
		{52AA747D-3E30-46EF-BAC7-29A2AC77B717}.Debug|Any CPU.Build.0 = Debug|Any CPU
		{52AA747D-3E30-46EF-BAC7-29A2AC77B717}.Release|Any CPU.ActiveCfg = Release|Any CPU
		{52AA747D-3E30-46EF-BAC7-29A2AC77B717}.Release|Any CPU.Build.0 = Release|Any CPU
	EndGlobalSection
EndGlobal
